// !$*UTF8*$!
{
	archiveVersion = 1;
	classes = {
	};
	objectVersion = 56;
	objects = {

/* Begin PBXBuildFile section */
		0E426AC32AD5E2E700C5A60E /* QuizView.swift in Sources */ = {isa = PBXBuildFile; fileRef = 0E426AC22AD5E2E700C5A60E /* QuizView.swift */; };
		0E4A8FF52ADA5EF100BBC335 /* QuizViewModel.swift in Sources */ = {isa = PBXBuildFile; fileRef = 0E4A8FF42ADA5EF100BBC335 /* QuizViewModel.swift */; };
		0E4A8FF72ADA5FF800BBC335 /* QuestionModel.swift in Sources */ = {isa = PBXBuildFile; fileRef = 0E4A8FF62ADA5FF800BBC335 /* QuestionModel.swift */; };
		0E4A8FFA2ADA776400BBC335 /* QuiizTitleView.swift in Sources */ = {isa = PBXBuildFile; fileRef = 0E4A8FF92ADA776400BBC335 /* QuiizTitleView.swift */; };
		0E4A8FFC2ADA77B300BBC335 /* QuizProgressView.swift in Sources */ = {isa = PBXBuildFile; fileRef = 0E4A8FFB2ADA77B300BBC335 /* QuizProgressView.swift */; };
		0E4A8FFE2ADA780000BBC335 /* OXbuttonView.swift in Sources */ = {isa = PBXBuildFile; fileRef = 0E4A8FFD2ADA780000BBC335 /* OXbuttonView.swift */; };
		4A7706212ACDB25F00E546E0 /* example.json in Resources */ = {isa = PBXBuildFile; fileRef = 4A7706202ACDB25F00E546E0 /* example.json */; };
		4AA0924E2AD2963F006DB2BB /* Books.swift in Sources */ = {isa = PBXBuildFile; fileRef = 4AA0924D2AD2963F006DB2BB /* Books.swift */; };
		4AA092502AD296D3006DB2BB /* Book.swift in Sources */ = {isa = PBXBuildFile; fileRef = 4AA0924F2AD296D3006DB2BB /* Book.swift */; };
		4AA092522AD29759006DB2BB /* BookViewModel.swift in Sources */ = {isa = PBXBuildFile; fileRef = 4AA092512AD29759006DB2BB /* BookViewModel.swift */; };
		4AA092542AD29F64006DB2BB /* BookTableViewCell.swift in Sources */ = {isa = PBXBuildFile; fileRef = 4AA092532AD29F64006DB2BB /* BookTableViewCell.swift */; };
		5E34518A2AB42F33004A3047 /* AppDelegate.swift in Sources */ = {isa = PBXBuildFile; fileRef = 5E3451892AB42F33004A3047 /* AppDelegate.swift */; };
		5E3451932AB42F34004A3047 /* Assets.xcassets in Resources */ = {isa = PBXBuildFile; fileRef = 5E3451922AB42F34004A3047 /* Assets.xcassets */; };
		5E3451962AB42F34004A3047 /* LaunchScreen.storyboard in Resources */ = {isa = PBXBuildFile; fileRef = 5E3451942AB42F34004A3047 /* LaunchScreen.storyboard */; };
		5E86FBC92ACD07AE00B01779 /* FirebaseAnalytics in Frameworks */ = {isa = PBXBuildFile; productRef = 5E86FBC82ACD07AE00B01779 /* FirebaseAnalytics */; };
		5E86FBCB2ACD07AE00B01779 /* FirebaseAnalyticsOnDeviceConversion in Frameworks */ = {isa = PBXBuildFile; productRef = 5E86FBCA2ACD07AE00B01779 /* FirebaseAnalyticsOnDeviceConversion */; };
		5E86FBCD2ACD07AE00B01779 /* FirebaseAnalyticsSwift in Frameworks */ = {isa = PBXBuildFile; productRef = 5E86FBCC2ACD07AE00B01779 /* FirebaseAnalyticsSwift */; };
		5E86FBCF2ACD07AE00B01779 /* FirebaseAnalyticsWithoutAdIdSupport in Frameworks */ = {isa = PBXBuildFile; productRef = 5E86FBCE2ACD07AE00B01779 /* FirebaseAnalyticsWithoutAdIdSupport */; };
		5E86FBD12ACD07AE00B01779 /* FirebaseAppCheck in Frameworks */ = {isa = PBXBuildFile; productRef = 5E86FBD02ACD07AE00B01779 /* FirebaseAppCheck */; };
		5E86FBD32ACD07AE00B01779 /* FirebaseAppDistribution-Beta in Frameworks */ = {isa = PBXBuildFile; productRef = 5E86FBD22ACD07AE00B01779 /* FirebaseAppDistribution-Beta */; };
		5E86FBD52ACD07AE00B01779 /* FirebaseAuth in Frameworks */ = {isa = PBXBuildFile; productRef = 5E86FBD42ACD07AE00B01779 /* FirebaseAuth */; };
		5E86FBD72ACD07AE00B01779 /* FirebaseAuthCombine-Community in Frameworks */ = {isa = PBXBuildFile; productRef = 5E86FBD62ACD07AE00B01779 /* FirebaseAuthCombine-Community */; };
		5E86FBD92ACD07AE00B01779 /* FirebaseCrashlytics in Frameworks */ = {isa = PBXBuildFile; productRef = 5E86FBD82ACD07AE00B01779 /* FirebaseCrashlytics */; };
		5E86FBDB2ACD07AE00B01779 /* FirebaseDatabase in Frameworks */ = {isa = PBXBuildFile; productRef = 5E86FBDA2ACD07AE00B01779 /* FirebaseDatabase */; };
		5E86FBDD2ACD07AE00B01779 /* FirebaseDatabaseSwift in Frameworks */ = {isa = PBXBuildFile; productRef = 5E86FBDC2ACD07AE00B01779 /* FirebaseDatabaseSwift */; };
		5E86FBDF2ACD07AE00B01779 /* FirebaseDynamicLinks in Frameworks */ = {isa = PBXBuildFile; productRef = 5E86FBDE2ACD07AE00B01779 /* FirebaseDynamicLinks */; };
		5E86FBE12ACD07AE00B01779 /* FirebaseFirestore in Frameworks */ = {isa = PBXBuildFile; productRef = 5E86FBE02ACD07AE00B01779 /* FirebaseFirestore */; };
		5E86FBE32ACD07AE00B01779 /* FirebaseFirestoreCombine-Community in Frameworks */ = {isa = PBXBuildFile; productRef = 5E86FBE22ACD07AE00B01779 /* FirebaseFirestoreCombine-Community */; };
		5E86FBE52ACD07AE00B01779 /* FirebaseFirestoreSwift in Frameworks */ = {isa = PBXBuildFile; productRef = 5E86FBE42ACD07AE00B01779 /* FirebaseFirestoreSwift */; };
		5E86FBE72ACD07AE00B01779 /* FirebaseFunctions in Frameworks */ = {isa = PBXBuildFile; productRef = 5E86FBE62ACD07AE00B01779 /* FirebaseFunctions */; };
		5E86FBE92ACD07AE00B01779 /* FirebaseFunctionsCombine-Community in Frameworks */ = {isa = PBXBuildFile; productRef = 5E86FBE82ACD07AE00B01779 /* FirebaseFunctionsCombine-Community */; };
		5E86FBEB2ACD07AE00B01779 /* FirebaseInAppMessaging-Beta in Frameworks */ = {isa = PBXBuildFile; productRef = 5E86FBEA2ACD07AE00B01779 /* FirebaseInAppMessaging-Beta */; };
		5E86FBED2ACD07AE00B01779 /* FirebaseInAppMessagingSwift-Beta in Frameworks */ = {isa = PBXBuildFile; productRef = 5E86FBEC2ACD07AE00B01779 /* FirebaseInAppMessagingSwift-Beta */; };
		5E86FBEF2ACD07AE00B01779 /* FirebaseInstallations in Frameworks */ = {isa = PBXBuildFile; productRef = 5E86FBEE2ACD07AE00B01779 /* FirebaseInstallations */; };
		5E86FBF12ACD07AE00B01779 /* FirebaseMLModelDownloader in Frameworks */ = {isa = PBXBuildFile; productRef = 5E86FBF02ACD07AE00B01779 /* FirebaseMLModelDownloader */; };
		5E86FBF32ACD07AE00B01779 /* FirebaseMessaging in Frameworks */ = {isa = PBXBuildFile; productRef = 5E86FBF22ACD07AE00B01779 /* FirebaseMessaging */; };
		5E86FBF52ACD07AE00B01779 /* FirebasePerformance in Frameworks */ = {isa = PBXBuildFile; productRef = 5E86FBF42ACD07AE00B01779 /* FirebasePerformance */; };
		5E86FBF72ACD07AE00B01779 /* FirebaseRemoteConfig in Frameworks */ = {isa = PBXBuildFile; productRef = 5E86FBF62ACD07AE00B01779 /* FirebaseRemoteConfig */; };
		5E86FBF92ACD07AE00B01779 /* FirebaseRemoteConfigSwift in Frameworks */ = {isa = PBXBuildFile; productRef = 5E86FBF82ACD07AE00B01779 /* FirebaseRemoteConfigSwift */; };
		5E86FBFB2ACD07AE00B01779 /* FirebaseStorage in Frameworks */ = {isa = PBXBuildFile; productRef = 5E86FBFA2ACD07AE00B01779 /* FirebaseStorage */; };
		5E86FBFD2ACD07AE00B01779 /* FirebaseStorageCombine-Community in Frameworks */ = {isa = PBXBuildFile; productRef = 5E86FBFC2ACD07AE00B01779 /* FirebaseStorageCombine-Community */; };
		5E86FC072ACD0A9900B01779 /* HomeViewController1.swift in Sources */ = {isa = PBXBuildFile; fileRef = 5E86FC062ACD0A9900B01779 /* HomeViewController1.swift */; };
		5E86FC092ACD0AC800B01779 /* SettingViewController.swift in Sources */ = {isa = PBXBuildFile; fileRef = 5E86FC082ACD0AC800B01779 /* SettingViewController.swift */; };
		5E86FC0B2ACD0ADF00B01779 /* QuizViewController.swift in Sources */ = {isa = PBXBuildFile; fileRef = 5E86FC0A2ACD0ADF00B01779 /* QuizViewController.swift */; };
		5E86FC0D2ACD0AF300B01779 /* BookViewController.swift in Sources */ = {isa = PBXBuildFile; fileRef = 5E86FC0C2ACD0AF300B01779 /* BookViewController.swift */; };
		5E86FC0F2ACD0B8A00B01779 /* View.swift in Sources */ = {isa = PBXBuildFile; fileRef = 5E86FC0E2ACD0B8A00B01779 /* View.swift */; };
		5E86FC112ACD0D3B00B01779 /* ViewModel.swift in Sources */ = {isa = PBXBuildFile; fileRef = 5E86FC102ACD0D3B00B01779 /* ViewModel.swift */; };
		5E86FC132ACD0D4100B01779 /* Model.swift in Sources */ = {isa = PBXBuildFile; fileRef = 5E86FC122ACD0D4100B01779 /* Model.swift */; };
		5E86FC152ACD0D4A00B01779 /* Resources.swift in Sources */ = {isa = PBXBuildFile; fileRef = 5E86FC142ACD0D4A00B01779 /* Resources.swift */; };
		5E9952C32AD6810A00C204F8 /* QuestionModel.swift in Sources */ = {isa = PBXBuildFile; fileRef = 5E9952C22AD6810A00C204F8 /* QuestionModel.swift */; };
		5E9952C52AD68E2B00C204F8 /* HomeViewCell.swift in Sources */ = {isa = PBXBuildFile; fileRef = 5E9952C42AD68E2B00C204F8 /* HomeViewCell.swift */; };
		5EA61BE82AD06A8600F6D771 /* FirestoreManager.swift in Sources */ = {isa = PBXBuildFile; fileRef = 5EA61BE72AD06A8600F6D771 /* FirestoreManager.swift */; };
		5EA61BEA2AD073A800F6D771 /* SettingViewAlert.swift in Sources */ = {isa = PBXBuildFile; fileRef = 5EA61BE92AD073A800F6D771 /* SettingViewAlert.swift */; };
		5EA61BEC2AD1834C00F6D771 /* RegisSettingTableViewCell.swift in Sources */ = {isa = PBXBuildFile; fileRef = 5EA61BEB2AD1834C00F6D771 /* RegisSettingTableViewCell.swift */; };
		5ECE29FA2ACEE6E100083E93 /* SettingTableViewCell.swift in Sources */ = {isa = PBXBuildFile; fileRef = 5ECE29F92ACEE6E100083E93 /* SettingTableViewCell.swift */; };
		5ECE29FC2ACF088F00083E93 /* SettingModel.swift in Sources */ = {isa = PBXBuildFile; fileRef = 5ECE29FB2ACF088F00083E93 /* SettingModel.swift */; };
		5ECE29FE2ACF08C000083E93 /* SettingViewModel.swift in Sources */ = {isa = PBXBuildFile; fileRef = 5ECE29FD2ACF08C000083E93 /* SettingViewModel.swift */; };
		5EDDA5632ACD11E2006E13DE /* LocalState.swift in Sources */ = {isa = PBXBuildFile; fileRef = 5EDDA5622ACD11E2006E13DE /* LocalState.swift */; };
		B49D4A7B2AD422080047CCE9 /* HomeModel.swift in Sources */ = {isa = PBXBuildFile; fileRef = B49D4A7A2AD422080047CCE9 /* HomeModel.swift */; };
		B49D4A7D2AD42B9D0047CCE9 /* HomeViewModel.swift in Sources */ = {isa = PBXBuildFile; fileRef = B49D4A7C2AD42B9D0047CCE9 /* HomeViewModel.swift */; };
		FF2C679F2ADA2D7000F40863 /* HomeTableSectionHeaderView.swift in Sources */ = {isa = PBXBuildFile; fileRef = FF2C679C2ADA2D7000F40863 /* HomeTableSectionHeaderView.swift */; };
		FF2C67A02ADA2D7000F40863 /* HomeTableCellView.swift in Sources */ = {isa = PBXBuildFile; fileRef = FF2C679D2ADA2D7000F40863 /* HomeTableCellView.swift */; };
		FF2C67A12ADA2D7000F40863 /* HomeTableHeaderView.swift in Sources */ = {isa = PBXBuildFile; fileRef = FF2C679E2ADA2D7000F40863 /* HomeTableHeaderView.swift */; };
		FF2C67A62ADA2E7B00F40863 /* UINavigationController+Util.swift in Sources */ = {isa = PBXBuildFile; fileRef = FF2C67A52ADA2E7B00F40863 /* UINavigationController+Util.swift */; };
		FF41EADA2AD8031E002FD4A9 /* FontStyle.swift in Sources */ = {isa = PBXBuildFile; fileRef = FF41EAD92AD8031E002FD4A9 /* FontStyle.swift */; };
		FF41EAE72AD81C0F002FD4A9 /* BookmarkViewModel.swift in Sources */ = {isa = PBXBuildFile; fileRef = FF41EAE62AD81C0F002FD4A9 /* BookmarkViewModel.swift */; };
		FF41EAE92AD81C6C002FD4A9 /* BookmarkViewController.swift in Sources */ = {isa = PBXBuildFile; fileRef = FF41EAE82AD81C6C002FD4A9 /* BookmarkViewController.swift */; };
		FF41EAEC2AD81D06002FD4A9 /* ChapterNumberLabel.swift in Sources */ = {isa = PBXBuildFile; fileRef = FF41EAEB2AD81D06002FD4A9 /* ChapterNumberLabel.swift */; };
		FF41EAEE2AD81DCA002FD4A9 /* ChapterTitleLabel.swift in Sources */ = {isa = PBXBuildFile; fileRef = FF41EAED2AD81DCA002FD4A9 /* ChapterTitleLabel.swift */; };
		FF41EAF02AD81E5B002FD4A9 /* SquareBackgroundLabel.swift in Sources */ = {isa = PBXBuildFile; fileRef = FF41EAEF2AD81E5B002FD4A9 /* SquareBackgroundLabel.swift */; };
		FF41EAF22AD820F5002FD4A9 /* BookmarkTableViewCell.swift in Sources */ = {isa = PBXBuildFile; fileRef = FF41EAF12AD820F5002FD4A9 /* BookmarkTableViewCell.swift */; };
		FF41EB242AD96DCA002FD4A9 /* PartNumberLabel.swift in Sources */ = {isa = PBXBuildFile; fileRef = FF41EB232AD96DCA002FD4A9 /* PartNumberLabel.swift */; };
		FF41EB262AD96DD4002FD4A9 /* PartTitleLabel.swift in Sources */ = {isa = PBXBuildFile; fileRef = FF41EB252AD96DD4002FD4A9 /* PartTitleLabel.swift */; };
		FF41EB282AD979DD002FD4A9 /* BookmarkTableViewHeader.swift in Sources */ = {isa = PBXBuildFile; fileRef = FF41EB272AD979DD002FD4A9 /* BookmarkTableViewHeader.swift */; };
		FFF2FBB02ADA6C6F00A4D2F0 /* BookmarkEmptyTableViewCell.swift in Sources */ = {isa = PBXBuildFile; fileRef = FFF2FBAF2ADA6C6F00A4D2F0 /* BookmarkEmptyTableViewCell.swift */; };
/* End PBXBuildFile section */

/* Begin PBXFileReference section */
		0E426AC22AD5E2E700C5A60E /* QuizView.swift */ = {isa = PBXFileReference; lastKnownFileType = sourcecode.swift; path = QuizView.swift; sourceTree = "<group>"; };
		0E4A8FF42ADA5EF100BBC335 /* QuizViewModel.swift */ = {isa = PBXFileReference; lastKnownFileType = sourcecode.swift; path = QuizViewModel.swift; sourceTree = "<group>"; };
		0E4A8FF62ADA5FF800BBC335 /* QuestionModel.swift */ = {isa = PBXFileReference; lastKnownFileType = sourcecode.swift; path = QuestionModel.swift; sourceTree = "<group>"; };
		0E4A8FF92ADA776400BBC335 /* QuiizTitleView.swift */ = {isa = PBXFileReference; lastKnownFileType = sourcecode.swift; path = QuiizTitleView.swift; sourceTree = "<group>"; };
		0E4A8FFB2ADA77B300BBC335 /* QuizProgressView.swift */ = {isa = PBXFileReference; lastKnownFileType = sourcecode.swift; path = QuizProgressView.swift; sourceTree = "<group>"; };
		0E4A8FFD2ADA780000BBC335 /* OXbuttonView.swift */ = {isa = PBXFileReference; lastKnownFileType = sourcecode.swift; path = OXbuttonView.swift; sourceTree = "<group>"; };
		4A7706202ACDB25F00E546E0 /* example.json */ = {isa = PBXFileReference; fileEncoding = 4; lastKnownFileType = text.json; path = example.json; sourceTree = "<group>"; };
		4AA0924D2AD2963F006DB2BB /* Books.swift */ = {isa = PBXFileReference; lastKnownFileType = sourcecode.swift; path = Books.swift; sourceTree = "<group>"; };
		4AA0924F2AD296D3006DB2BB /* Book.swift */ = {isa = PBXFileReference; lastKnownFileType = sourcecode.swift; path = Book.swift; sourceTree = "<group>"; };
		4AA092512AD29759006DB2BB /* BookViewModel.swift */ = {isa = PBXFileReference; lastKnownFileType = sourcecode.swift; path = BookViewModel.swift; sourceTree = "<group>"; };
		4AA092532AD29F64006DB2BB /* BookTableViewCell.swift */ = {isa = PBXFileReference; lastKnownFileType = sourcecode.swift; path = BookTableViewCell.swift; sourceTree = "<group>"; };
		5E3451862AB42F33004A3047 /* ARTX-PoliceScience.app */ = {isa = PBXFileReference; explicitFileType = wrapper.application; includeInIndex = 0; path = "ARTX-PoliceScience.app"; sourceTree = BUILT_PRODUCTS_DIR; };
		5E3451892AB42F33004A3047 /* AppDelegate.swift */ = {isa = PBXFileReference; lastKnownFileType = sourcecode.swift; path = AppDelegate.swift; sourceTree = "<group>"; };
		5E3451922AB42F34004A3047 /* Assets.xcassets */ = {isa = PBXFileReference; lastKnownFileType = folder.assetcatalog; path = Assets.xcassets; sourceTree = "<group>"; };
		5E3451952AB42F34004A3047 /* Base */ = {isa = PBXFileReference; lastKnownFileType = file.storyboard; name = Base; path = Base.lproj/LaunchScreen.storyboard; sourceTree = "<group>"; };
		5E3451972AB42F34004A3047 /* Info.plist */ = {isa = PBXFileReference; lastKnownFileType = text.plist.xml; path = Info.plist; sourceTree = "<group>"; };
		5E86FC062ACD0A9900B01779 /* HomeViewController1.swift */ = {isa = PBXFileReference; lastKnownFileType = sourcecode.swift; path = HomeViewController1.swift; sourceTree = "<group>"; };
		5E86FC082ACD0AC800B01779 /* SettingViewController.swift */ = {isa = PBXFileReference; lastKnownFileType = sourcecode.swift; path = SettingViewController.swift; sourceTree = "<group>"; };
		5E86FC0A2ACD0ADF00B01779 /* QuizViewController.swift */ = {isa = PBXFileReference; lastKnownFileType = sourcecode.swift; path = QuizViewController.swift; sourceTree = "<group>"; };
		5E86FC0C2ACD0AF300B01779 /* BookViewController.swift */ = {isa = PBXFileReference; lastKnownFileType = sourcecode.swift; path = BookViewController.swift; sourceTree = "<group>"; };
		5E86FC0E2ACD0B8A00B01779 /* View.swift */ = {isa = PBXFileReference; lastKnownFileType = sourcecode.swift; path = View.swift; sourceTree = "<group>"; };
		5E86FC102ACD0D3B00B01779 /* ViewModel.swift */ = {isa = PBXFileReference; lastKnownFileType = sourcecode.swift; path = ViewModel.swift; sourceTree = "<group>"; };
		5E86FC122ACD0D4100B01779 /* Model.swift */ = {isa = PBXFileReference; lastKnownFileType = sourcecode.swift; path = Model.swift; sourceTree = "<group>"; };
		5E86FC142ACD0D4A00B01779 /* Resources.swift */ = {isa = PBXFileReference; lastKnownFileType = sourcecode.swift; path = Resources.swift; sourceTree = "<group>"; };
		5E9952C22AD6810A00C204F8 /* QuestionModel.swift */ = {isa = PBXFileReference; lastKnownFileType = sourcecode.swift; path = QuestionModel.swift; sourceTree = "<group>"; };
		5E9952C42AD68E2B00C204F8 /* HomeViewCell.swift */ = {isa = PBXFileReference; lastKnownFileType = sourcecode.swift; path = HomeViewCell.swift; sourceTree = "<group>"; };
		5EA61BE72AD06A8600F6D771 /* FirestoreManager.swift */ = {isa = PBXFileReference; lastKnownFileType = sourcecode.swift; path = FirestoreManager.swift; sourceTree = "<group>"; };
		5EA61BE92AD073A800F6D771 /* SettingViewAlert.swift */ = {isa = PBXFileReference; lastKnownFileType = sourcecode.swift; path = SettingViewAlert.swift; sourceTree = "<group>"; };
		5EA61BEB2AD1834C00F6D771 /* RegisSettingTableViewCell.swift */ = {isa = PBXFileReference; lastKnownFileType = sourcecode.swift; path = RegisSettingTableViewCell.swift; sourceTree = "<group>"; };
		5ECE29F92ACEE6E100083E93 /* SettingTableViewCell.swift */ = {isa = PBXFileReference; lastKnownFileType = sourcecode.swift; path = SettingTableViewCell.swift; sourceTree = "<group>"; };
		5ECE29FB2ACF088F00083E93 /* SettingModel.swift */ = {isa = PBXFileReference; lastKnownFileType = sourcecode.swift; path = SettingModel.swift; sourceTree = "<group>"; };
		5ECE29FD2ACF08C000083E93 /* SettingViewModel.swift */ = {isa = PBXFileReference; lastKnownFileType = sourcecode.swift; path = SettingViewModel.swift; sourceTree = "<group>"; };
		5EDDA5622ACD11E2006E13DE /* LocalState.swift */ = {isa = PBXFileReference; lastKnownFileType = sourcecode.swift; path = LocalState.swift; sourceTree = "<group>"; };
		B49D4A7A2AD422080047CCE9 /* HomeModel.swift */ = {isa = PBXFileReference; lastKnownFileType = sourcecode.swift; path = HomeModel.swift; sourceTree = "<group>"; };
		B49D4A7C2AD42B9D0047CCE9 /* HomeViewModel.swift */ = {isa = PBXFileReference; lastKnownFileType = sourcecode.swift; path = HomeViewModel.swift; sourceTree = "<group>"; };
		FF2C679C2ADA2D7000F40863 /* HomeTableSectionHeaderView.swift */ = {isa = PBXFileReference; fileEncoding = 4; lastKnownFileType = sourcecode.swift; path = HomeTableSectionHeaderView.swift; sourceTree = "<group>"; };
		FF2C679D2ADA2D7000F40863 /* HomeTableCellView.swift */ = {isa = PBXFileReference; fileEncoding = 4; lastKnownFileType = sourcecode.swift; path = HomeTableCellView.swift; sourceTree = "<group>"; };
		FF2C679E2ADA2D7000F40863 /* HomeTableHeaderView.swift */ = {isa = PBXFileReference; fileEncoding = 4; lastKnownFileType = sourcecode.swift; path = HomeTableHeaderView.swift; sourceTree = "<group>"; };
		FF2C67A52ADA2E7B00F40863 /* UINavigationController+Util.swift */ = {isa = PBXFileReference; fileEncoding = 4; lastKnownFileType = sourcecode.swift; path = "UINavigationController+Util.swift"; sourceTree = "<group>"; };
		FF41EAD92AD8031E002FD4A9 /* FontStyle.swift */ = {isa = PBXFileReference; lastKnownFileType = sourcecode.swift; path = FontStyle.swift; sourceTree = "<group>"; };
		FF41EAE62AD81C0F002FD4A9 /* BookmarkViewModel.swift */ = {isa = PBXFileReference; fileEncoding = 4; lastKnownFileType = sourcecode.swift; path = BookmarkViewModel.swift; sourceTree = "<group>"; };
		FF41EAE82AD81C6C002FD4A9 /* BookmarkViewController.swift */ = {isa = PBXFileReference; lastKnownFileType = sourcecode.swift; path = BookmarkViewController.swift; sourceTree = "<group>"; };
		FF41EAEB2AD81D06002FD4A9 /* ChapterNumberLabel.swift */ = {isa = PBXFileReference; lastKnownFileType = sourcecode.swift; path = ChapterNumberLabel.swift; sourceTree = "<group>"; };
		FF41EAED2AD81DCA002FD4A9 /* ChapterTitleLabel.swift */ = {isa = PBXFileReference; lastKnownFileType = sourcecode.swift; path = ChapterTitleLabel.swift; sourceTree = "<group>"; };
		FF41EAEF2AD81E5B002FD4A9 /* SquareBackgroundLabel.swift */ = {isa = PBXFileReference; fileEncoding = 4; lastKnownFileType = sourcecode.swift; path = SquareBackgroundLabel.swift; sourceTree = "<group>"; };
		FF41EAF12AD820F5002FD4A9 /* BookmarkTableViewCell.swift */ = {isa = PBXFileReference; lastKnownFileType = sourcecode.swift; path = BookmarkTableViewCell.swift; sourceTree = "<group>"; };
		FF41EB232AD96DCA002FD4A9 /* PartNumberLabel.swift */ = {isa = PBXFileReference; lastKnownFileType = sourcecode.swift; path = PartNumberLabel.swift; sourceTree = "<group>"; };
		FF41EB252AD96DD4002FD4A9 /* PartTitleLabel.swift */ = {isa = PBXFileReference; lastKnownFileType = sourcecode.swift; path = PartTitleLabel.swift; sourceTree = "<group>"; };
		FF41EB272AD979DD002FD4A9 /* BookmarkTableViewHeader.swift */ = {isa = PBXFileReference; fileEncoding = 4; lastKnownFileType = sourcecode.swift; path = BookmarkTableViewHeader.swift; sourceTree = "<group>"; };
		FFF2FBAF2ADA6C6F00A4D2F0 /* BookmarkEmptyTableViewCell.swift */ = {isa = PBXFileReference; lastKnownFileType = sourcecode.swift; path = BookmarkEmptyTableViewCell.swift; sourceTree = "<group>"; };
/* End PBXFileReference section */

/* Begin PBXFrameworksBuildPhase section */
		5E3451832AB42F33004A3047 /* Frameworks */ = {
			isa = PBXFrameworksBuildPhase;
			buildActionMask = 2147483647;
			files = (
				5E86FBDB2ACD07AE00B01779 /* FirebaseDatabase in Frameworks */,
				5E86FBE92ACD07AE00B01779 /* FirebaseFunctionsCombine-Community in Frameworks */,
				5E86FBE12ACD07AE00B01779 /* FirebaseFirestore in Frameworks */,
				5E86FBCD2ACD07AE00B01779 /* FirebaseAnalyticsSwift in Frameworks */,
				5E86FBC92ACD07AE00B01779 /* FirebaseAnalytics in Frameworks */,
				5E86FBCB2ACD07AE00B01779 /* FirebaseAnalyticsOnDeviceConversion in Frameworks */,
				5E86FBF12ACD07AE00B01779 /* FirebaseMLModelDownloader in Frameworks */,
				5E86FBE52ACD07AE00B01779 /* FirebaseFirestoreSwift in Frameworks */,
				5E86FBD12ACD07AE00B01779 /* FirebaseAppCheck in Frameworks */,
				5E86FBCF2ACD07AE00B01779 /* FirebaseAnalyticsWithoutAdIdSupport in Frameworks */,
				5E86FBD52ACD07AE00B01779 /* FirebaseAuth in Frameworks */,
				5E86FBD92ACD07AE00B01779 /* FirebaseCrashlytics in Frameworks */,
				5E86FBF92ACD07AE00B01779 /* FirebaseRemoteConfigSwift in Frameworks */,
				5E86FBEB2ACD07AE00B01779 /* FirebaseInAppMessaging-Beta in Frameworks */,
				5E86FBDD2ACD07AE00B01779 /* FirebaseDatabaseSwift in Frameworks */,
				5E86FBE72ACD07AE00B01779 /* FirebaseFunctions in Frameworks */,
				5E86FBFD2ACD07AE00B01779 /* FirebaseStorageCombine-Community in Frameworks */,
				5E86FBF72ACD07AE00B01779 /* FirebaseRemoteConfig in Frameworks */,
				5E86FBD32ACD07AE00B01779 /* FirebaseAppDistribution-Beta in Frameworks */,
				5E86FBD72ACD07AE00B01779 /* FirebaseAuthCombine-Community in Frameworks */,
				5E86FBF52ACD07AE00B01779 /* FirebasePerformance in Frameworks */,
				5E86FBED2ACD07AE00B01779 /* FirebaseInAppMessagingSwift-Beta in Frameworks */,
				5E86FBFB2ACD07AE00B01779 /* FirebaseStorage in Frameworks */,
				5E86FBDF2ACD07AE00B01779 /* FirebaseDynamicLinks in Frameworks */,
				5E86FBE32ACD07AE00B01779 /* FirebaseFirestoreCombine-Community in Frameworks */,
				5E86FBF32ACD07AE00B01779 /* FirebaseMessaging in Frameworks */,
				5E86FBEF2ACD07AE00B01779 /* FirebaseInstallations in Frameworks */,
			);
			runOnlyForDeploymentPostprocessing = 0;
		};
/* End PBXFrameworksBuildPhase section */

/* Begin PBXGroup section */
		0E4A8FF82ADA625F00BBC335 /* QuizView */ = {
			isa = PBXGroup;
			children = (
				0E4A8FF92ADA776400BBC335 /* QuiizTitleView.swift */,
				0E4A8FFB2ADA77B300BBC335 /* QuizProgressView.swift */,
				0E426AC22AD5E2E700C5A60E /* QuizView.swift */,
				0E4A8FFD2ADA780000BBC335 /* OXbuttonView.swift */,
			);
			path = QuizView;
			sourceTree = "<group>";
		};
		5E34517D2AB42F33004A3047 = {
			isa = PBXGroup;
			children = (
				5E3451882AB42F33004A3047 /* ARTX-PoliceScience */,
				5E3451872AB42F33004A3047 /* Products */,
			);
			sourceTree = "<group>";
		};
		5E3451872AB42F33004A3047 /* Products */ = {
			isa = PBXGroup;
			children = (
				5E3451862AB42F33004A3047 /* ARTX-PoliceScience.app */,
			);
			name = Products;
			sourceTree = "<group>";
		};
		5E3451882AB42F33004A3047 /* ARTX-PoliceScience */ = {
			isa = PBXGroup;
			children = (
				FF2C67A42ADA2E6A00F40863 /* Utils */,
				5EA61BE62AD06A6800F6D771 /* Firestore */,
				5EDDA55F2ACD116F006E13DE /* UserDefault */,
				5E44DC9B2ACD001A00DAC94A /* Views */,
				5E44DC9D2ACD003F00DAC94A /* ViewController */,
				5E44DC9A2ACD001500DAC94A /* ViewModel */,
				5E44DC992ACD000F00DAC94A /* Model */,
				5E44DC9C2ACD002D00DAC94A /* Resources */,
				5E3451892AB42F33004A3047 /* AppDelegate.swift */,
				5E3451922AB42F34004A3047 /* Assets.xcassets */,
				5E3451942AB42F34004A3047 /* LaunchScreen.storyboard */,
				5E3451972AB42F34004A3047 /* Info.plist */,
			);
			path = "ARTX-PoliceScience";
			sourceTree = "<group>";
		};
		5E44DC992ACD000F00DAC94A /* Model */ = {
			isa = PBXGroup;
			children = (
				5E86FC122ACD0D4100B01779 /* Model.swift */,
				0E4A8FF62ADA5FF800BBC335 /* QuestionModel.swift */,
				4AA0924F2AD296D3006DB2BB /* Book.swift */,
				5E9952C22AD6810A00C204F8 /* QuestionModel.swift */,
				5ECE29FB2ACF088F00083E93 /* SettingModel.swift */,
				B49D4A7A2AD422080047CCE9 /* HomeModel.swift */,
			);
			path = Model;
			sourceTree = "<group>";
		};
		5E44DC9A2ACD001500DAC94A /* ViewModel */ = {
			isa = PBXGroup;
			children = (
				5E86FC102ACD0D3B00B01779 /* ViewModel.swift */,
				B49D4A7C2AD42B9D0047CCE9 /* HomeViewModel.swift */,
				4AA092512AD29759006DB2BB /* BookViewModel.swift */,
				5ECE29FD2ACF08C000083E93 /* SettingViewModel.swift */,
				FF41EAE62AD81C0F002FD4A9 /* BookmarkViewModel.swift */,
				0E4A8FF42ADA5EF100BBC335 /* QuizViewModel.swift */,
			);
			path = ViewModel;
			sourceTree = "<group>";
		};
		5E44DC9B2ACD001A00DAC94A /* Views */ = {
			isa = PBXGroup;
			children = (
				FF2C67952ADA2D4A00F40863 /* HomeView */,
				FF41EAEA2AD81CBA002FD4A9 /* BookmarkView */,
				0E4A8FF82ADA625F00BBC335 /* QuizView */,
				5E86FC0E2ACD0B8A00B01779 /* View.swift */,
				4AA092532AD29F64006DB2BB /* BookTableViewCell.swift */,
				5ECE29F92ACEE6E100083E93 /* SettingTableViewCell.swift */,
				5EA61BEB2AD1834C00F6D771 /* RegisSettingTableViewCell.swift */,
				5E9952C42AD68E2B00C204F8 /* HomeViewCell.swift */,
				5EA61BE92AD073A800F6D771 /* SettingViewAlert.swift */,
			);
			path = Views;
			sourceTree = "<group>";
		};
		5E44DC9C2ACD002D00DAC94A /* Resources */ = {
			isa = PBXGroup;
			children = (
				4A7706202ACDB25F00E546E0 /* example.json */,
				5E86FC142ACD0D4A00B01779 /* Resources.swift */,
				4AA0924D2AD2963F006DB2BB /* Books.swift */,
				FF41EAD92AD8031E002FD4A9 /* FontStyle.swift */,
			);
			path = Resources;
			sourceTree = "<group>";
		};
		5E44DC9D2ACD003F00DAC94A /* ViewController */ = {
			isa = PBXGroup;
			children = (
				5E86FC062ACD0A9900B01779 /* HomeViewController1.swift */,
				5E86FC082ACD0AC800B01779 /* SettingViewController.swift */,
				5E86FC0A2ACD0ADF00B01779 /* QuizViewController.swift */,
				5E86FC0C2ACD0AF300B01779 /* BookViewController.swift */,
				FF41EAE82AD81C6C002FD4A9 /* BookmarkViewController.swift */,
			);
			path = ViewController;
			sourceTree = "<group>";
		};
		5EA61BE62AD06A6800F6D771 /* Firestore */ = {
			isa = PBXGroup;
			children = (
				5EA61BE72AD06A8600F6D771 /* FirestoreManager.swift */,
			);
			path = Firestore;
			sourceTree = "<group>";
		};
		5EDDA55F2ACD116F006E13DE /* UserDefault */ = {
			isa = PBXGroup;
			children = (
				5EDDA5622ACD11E2006E13DE /* LocalState.swift */,
			);
			path = UserDefault;
			sourceTree = "<group>";
		};
		FF2C67952ADA2D4A00F40863 /* HomeView */ = {
			isa = PBXGroup;
			children = (
				FF2C679D2ADA2D7000F40863 /* HomeTableCellView.swift */,
				FF2C679E2ADA2D7000F40863 /* HomeTableHeaderView.swift */,
				FF2C679C2ADA2D7000F40863 /* HomeTableSectionHeaderView.swift */,
			);
			path = HomeView;
			sourceTree = "<group>";
		};
		FF2C67A42ADA2E6A00F40863 /* Utils */ = {
			isa = PBXGroup;
			children = (
				FF2C67A52ADA2E7B00F40863 /* UINavigationController+Util.swift */,
			);
			path = Utils;
			sourceTree = "<group>";
		};
		FF41EAEA2AD81CBA002FD4A9 /* BookmarkView */ = {
			isa = PBXGroup;
			children = (
				FF41EAEB2AD81D06002FD4A9 /* ChapterNumberLabel.swift */,
				FF41EAED2AD81DCA002FD4A9 /* ChapterTitleLabel.swift */,
				FF41EB232AD96DCA002FD4A9 /* PartNumberLabel.swift */,
				FF41EB252AD96DD4002FD4A9 /* PartTitleLabel.swift */,
				FF41EAEF2AD81E5B002FD4A9 /* SquareBackgroundLabel.swift */,
				FF41EAF12AD820F5002FD4A9 /* BookmarkTableViewCell.swift */,
				FFF2FBAF2ADA6C6F00A4D2F0 /* BookmarkEmptyTableViewCell.swift */,
				FF41EB272AD979DD002FD4A9 /* BookmarkTableViewHeader.swift */,
			);
			path = BookmarkView;
			sourceTree = "<group>";
		};
/* End PBXGroup section */

/* Begin PBXNativeTarget section */
		5E3451852AB42F33004A3047 /* ARTX-PoliceScience */ = {
			isa = PBXNativeTarget;
			buildConfigurationList = 5E34519A2AB42F34004A3047 /* Build configuration list for PBXNativeTarget "ARTX-PoliceScience" */;
			buildPhases = (
				5E3451822AB42F33004A3047 /* Sources */,
				5E3451832AB42F33004A3047 /* Frameworks */,
				5E3451842AB42F33004A3047 /* Resources */,
			);
			buildRules = (
			);
			dependencies = (
			);
			name = "ARTX-PoliceScience";
			packageProductDependencies = (
				5E86FBC82ACD07AE00B01779 /* FirebaseAnalytics */,
				5E86FBCA2ACD07AE00B01779 /* FirebaseAnalyticsOnDeviceConversion */,
				5E86FBCC2ACD07AE00B01779 /* FirebaseAnalyticsSwift */,
				5E86FBCE2ACD07AE00B01779 /* FirebaseAnalyticsWithoutAdIdSupport */,
				5E86FBD02ACD07AE00B01779 /* FirebaseAppCheck */,
				5E86FBD22ACD07AE00B01779 /* FirebaseAppDistribution-Beta */,
				5E86FBD42ACD07AE00B01779 /* FirebaseAuth */,
				5E86FBD62ACD07AE00B01779 /* FirebaseAuthCombine-Community */,
				5E86FBD82ACD07AE00B01779 /* FirebaseCrashlytics */,
				5E86FBDA2ACD07AE00B01779 /* FirebaseDatabase */,
				5E86FBDC2ACD07AE00B01779 /* FirebaseDatabaseSwift */,
				5E86FBDE2ACD07AE00B01779 /* FirebaseDynamicLinks */,
				5E86FBE02ACD07AE00B01779 /* FirebaseFirestore */,
				5E86FBE22ACD07AE00B01779 /* FirebaseFirestoreCombine-Community */,
				5E86FBE42ACD07AE00B01779 /* FirebaseFirestoreSwift */,
				5E86FBE62ACD07AE00B01779 /* FirebaseFunctions */,
				5E86FBE82ACD07AE00B01779 /* FirebaseFunctionsCombine-Community */,
				5E86FBEA2ACD07AE00B01779 /* FirebaseInAppMessaging-Beta */,
				5E86FBEC2ACD07AE00B01779 /* FirebaseInAppMessagingSwift-Beta */,
				5E86FBEE2ACD07AE00B01779 /* FirebaseInstallations */,
				5E86FBF02ACD07AE00B01779 /* FirebaseMLModelDownloader */,
				5E86FBF22ACD07AE00B01779 /* FirebaseMessaging */,
				5E86FBF42ACD07AE00B01779 /* FirebasePerformance */,
				5E86FBF62ACD07AE00B01779 /* FirebaseRemoteConfig */,
				5E86FBF82ACD07AE00B01779 /* FirebaseRemoteConfigSwift */,
				5E86FBFA2ACD07AE00B01779 /* FirebaseStorage */,
				5E86FBFC2ACD07AE00B01779 /* FirebaseStorageCombine-Community */,
			);
			productName = "ARTX-uikit-study";
			productReference = 5E3451862AB42F33004A3047 /* ARTX-PoliceScience.app */;
			productType = "com.apple.product-type.application";
		};
/* End PBXNativeTarget section */

/* Begin PBXProject section */
		5E34517E2AB42F33004A3047 /* Project object */ = {
			isa = PBXProject;
			attributes = {
				BuildIndependentTargetsInParallel = 1;
				LastSwiftUpdateCheck = 1430;
				LastUpgradeCheck = 1500;
				TargetAttributes = {
					5E3451852AB42F33004A3047 = {
						CreatedOnToolsVersion = 14.3.1;
					};
				};
			};
			buildConfigurationList = 5E3451812AB42F33004A3047 /* Build configuration list for PBXProject "ARTX-PoliceScience" */;
			compatibilityVersion = "Xcode 14.0";
			developmentRegion = en;
			hasScannedForEncodings = 0;
			knownRegions = (
				en,
				Base,
			);
			mainGroup = 5E34517D2AB42F33004A3047;
			packageReferences = (
				5E86FBC72ACD07AE00B01779 /* XCRemoteSwiftPackageReference "firebase-ios-sdk" */,
			);
			productRefGroup = 5E3451872AB42F33004A3047 /* Products */;
			projectDirPath = "";
			projectRoot = "";
			targets = (
				5E3451852AB42F33004A3047 /* ARTX-PoliceScience */,
			);
		};
/* End PBXProject section */

/* Begin PBXResourcesBuildPhase section */
		5E3451842AB42F33004A3047 /* Resources */ = {
			isa = PBXResourcesBuildPhase;
			buildActionMask = 2147483647;
			files = (
				4A7706212ACDB25F00E546E0 /* example.json in Resources */,
				5E3451962AB42F34004A3047 /* LaunchScreen.storyboard in Resources */,
				5E3451932AB42F34004A3047 /* Assets.xcassets in Resources */,
			);
			runOnlyForDeploymentPostprocessing = 0;
		};
/* End PBXResourcesBuildPhase section */

/* Begin PBXSourcesBuildPhase section */
		5E3451822AB42F33004A3047 /* Sources */ = {
			isa = PBXSourcesBuildPhase;
			buildActionMask = 2147483647;
			files = (
				4AA092522AD29759006DB2BB /* BookViewModel.swift in Sources */,
				FF41EAEC2AD81D06002FD4A9 /* ChapterNumberLabel.swift in Sources */,
				0E4A8FF72ADA5FF800BBC335 /* QuestionModel.swift in Sources */,
				5ECE29FA2ACEE6E100083E93 /* SettingTableViewCell.swift in Sources */,
				5EA61BE82AD06A8600F6D771 /* FirestoreManager.swift in Sources */,
				5EA61BEA2AD073A800F6D771 /* SettingViewAlert.swift in Sources */,
				FF2C67A12ADA2D7000F40863 /* HomeTableHeaderView.swift in Sources */,
				B49D4A7D2AD42B9D0047CCE9 /* HomeViewModel.swift in Sources */,
				0E4A8FF52ADA5EF100BBC335 /* QuizViewModel.swift in Sources */,
				5E86FC152ACD0D4A00B01779 /* Resources.swift in Sources */,
				B49D4A7B2AD422080047CCE9 /* HomeModel.swift in Sources */,
				FF41EAE92AD81C6C002FD4A9 /* BookmarkViewController.swift in Sources */,
				0E4A8FFC2ADA77B300BBC335 /* QuizProgressView.swift in Sources */,
				5E86FC152ACD0D4A00B01779 /* Resources.swift in Sources */,
				0E4A8FFA2ADA776400BBC335 /* QuiizTitleView.swift in Sources */,
				FF2C67A02ADA2D7000F40863 /* HomeTableCellView.swift in Sources */,
				FF41EAEE2AD81DCA002FD4A9 /* ChapterTitleLabel.swift in Sources */,
				5EDDA5632ACD11E2006E13DE /* LocalState.swift in Sources */,
				0E426AC32AD5E2E700C5A60E /* QuizView.swift in Sources */,
				0E4A8FFE2ADA780000BBC335 /* OXbuttonView.swift in Sources */,
				FF41EB282AD979DD002FD4A9 /* BookmarkTableViewHeader.swift in Sources */,
				5ECE29FE2ACF08C000083E93 /* SettingViewModel.swift in Sources */,
				5E34518A2AB42F33004A3047 /* AppDelegate.swift in Sources */,
				5E9952C52AD68E2B00C204F8 /* HomeViewCell.swift in Sources */,
				4AA0924E2AD2963F006DB2BB /* Books.swift in Sources */,
				5E86FC072ACD0A9900B01779 /* HomeViewController1.swift in Sources */,

				FF2C67A62ADA2E7B00F40863 /* UINavigationController+Util.swift in Sources */,
				FF41EAF22AD820F5002FD4A9 /* BookmarkTableViewCell.swift in Sources */,
				FF2C679F2ADA2D7000F40863 /* HomeTableSectionHeaderView.swift in Sources */,
				FF41EB262AD96DD4002FD4A9 /* PartTitleLabel.swift in Sources */,
				4AA0924E2AD2963F006DB2BB /* Books.swift in Sources */,
				FF41EB242AD96DCA002FD4A9 /* PartNumberLabel.swift in Sources */,
				5E86FC072ACD0A9900B01779 /* HomeViewController.swift in Sources */,

				5E86FC0F2ACD0B8A00B01779 /* View.swift in Sources */,
				5E86FC0D2ACD0AF300B01779 /* BookViewController.swift in Sources */,
				FF41EADA2AD8031E002FD4A9 /* FontStyle.swift in Sources */,
				FF41EAE72AD81C0F002FD4A9 /* BookmarkViewModel.swift in Sources */,
				5ECE29FC2ACF088F00083E93 /* SettingModel.swift in Sources */,
				5E9952C32AD6810A00C204F8 /* QuestionModel.swift in Sources */,
				5E86FC092ACD0AC800B01779 /* SettingViewController.swift in Sources */,
				4AA092502AD296D3006DB2BB /* Book.swift in Sources */,
				4AA092542AD29F64006DB2BB /* BookTableViewCell.swift in Sources */,
				5E86FC0B2ACD0ADF00B01779 /* QuizViewController.swift in Sources */,
				5E86FC112ACD0D3B00B01779 /* ViewModel.swift in Sources */,
				FF41EAF02AD81E5B002FD4A9 /* SquareBackgroundLabel.swift in Sources */,
				5E86FC132ACD0D4100B01779 /* Model.swift in Sources */,
				B49D4A7F2AD4795E0047CCE9 /* QuizModel.swift in Sources */,
				FFF2FBB02ADA6C6F00A4D2F0 /* BookmarkEmptyTableViewCell.swift in Sources */,
				5EA61BEC2AD1834C00F6D771 /* RegisSettingTableViewCell.swift in Sources */,
			);
			runOnlyForDeploymentPostprocessing = 0;
		};
/* End PBXSourcesBuildPhase section */

/* Begin PBXVariantGroup section */
		5E3451942AB42F34004A3047 /* LaunchScreen.storyboard */ = {
			isa = PBXVariantGroup;
			children = (
				5E3451952AB42F34004A3047 /* Base */,
			);
			name = LaunchScreen.storyboard;
			sourceTree = "<group>";
		};
/* End PBXVariantGroup section */

/* Begin XCBuildConfiguration section */
		5E3451982AB42F34004A3047 /* Debug */ = {
			isa = XCBuildConfiguration;
			buildSettings = {
				ALWAYS_SEARCH_USER_PATHS = NO;
				CLANG_ANALYZER_NONNULL = YES;
				CLANG_ANALYZER_NUMBER_OBJECT_CONVERSION = YES_AGGRESSIVE;
				CLANG_CXX_LANGUAGE_STANDARD = "gnu++20";
				CLANG_ENABLE_MODULES = YES;
				CLANG_ENABLE_OBJC_ARC = YES;
				CLANG_ENABLE_OBJC_WEAK = YES;
				CLANG_WARN_BLOCK_CAPTURE_AUTORELEASING = YES;
				CLANG_WARN_BOOL_CONVERSION = YES;
				CLANG_WARN_COMMA = YES;
				CLANG_WARN_CONSTANT_CONVERSION = YES;
				CLANG_WARN_DEPRECATED_OBJC_IMPLEMENTATIONS = YES;
				CLANG_WARN_DIRECT_OBJC_ISA_USAGE = YES_ERROR;
				CLANG_WARN_DOCUMENTATION_COMMENTS = YES;
				CLANG_WARN_EMPTY_BODY = YES;
				CLANG_WARN_ENUM_CONVERSION = YES;
				CLANG_WARN_INFINITE_RECURSION = YES;
				CLANG_WARN_INT_CONVERSION = YES;
				CLANG_WARN_NON_LITERAL_NULL_CONVERSION = YES;
				CLANG_WARN_OBJC_IMPLICIT_RETAIN_SELF = YES;
				CLANG_WARN_OBJC_LITERAL_CONVERSION = YES;
				CLANG_WARN_OBJC_ROOT_CLASS = YES_ERROR;
				CLANG_WARN_QUOTED_INCLUDE_IN_FRAMEWORK_HEADER = YES;
				CLANG_WARN_RANGE_LOOP_ANALYSIS = YES;
				CLANG_WARN_STRICT_PROTOTYPES = YES;
				CLANG_WARN_SUSPICIOUS_MOVE = YES;
				CLANG_WARN_UNGUARDED_AVAILABILITY = YES_AGGRESSIVE;
				CLANG_WARN_UNREACHABLE_CODE = YES;
				CLANG_WARN__DUPLICATE_METHOD_MATCH = YES;
				COPY_PHASE_STRIP = NO;
				DEBUG_INFORMATION_FORMAT = dwarf;
				ENABLE_STRICT_OBJC_MSGSEND = YES;
				ENABLE_TESTABILITY = YES;
				ENABLE_USER_SCRIPT_SANDBOXING = YES;
				GCC_C_LANGUAGE_STANDARD = gnu11;
				GCC_DYNAMIC_NO_PIC = NO;
				GCC_NO_COMMON_BLOCKS = YES;
				GCC_OPTIMIZATION_LEVEL = 0;
				GCC_PREPROCESSOR_DEFINITIONS = (
					"DEBUG=1",
					"$(inherited)",
				);
				GCC_WARN_64_TO_32_BIT_CONVERSION = YES;
				GCC_WARN_ABOUT_RETURN_TYPE = YES_ERROR;
				GCC_WARN_UNDECLARED_SELECTOR = YES;
				GCC_WARN_UNINITIALIZED_AUTOS = YES_AGGRESSIVE;
				GCC_WARN_UNUSED_FUNCTION = YES;
				GCC_WARN_UNUSED_VARIABLE = YES;
				IPHONEOS_DEPLOYMENT_TARGET = 15.0;
				MTL_ENABLE_DEBUG_INFO = INCLUDE_SOURCE;
				MTL_FAST_MATH = YES;
				ONLY_ACTIVE_ARCH = YES;
				SDKROOT = iphoneos;
				SWIFT_ACTIVE_COMPILATION_CONDITIONS = DEBUG;
				SWIFT_OPTIMIZATION_LEVEL = "-Onone";
			};
			name = Debug;
		};
		5E3451992AB42F34004A3047 /* Release */ = {
			isa = XCBuildConfiguration;
			buildSettings = {
				ALWAYS_SEARCH_USER_PATHS = NO;
				CLANG_ANALYZER_NONNULL = YES;
				CLANG_ANALYZER_NUMBER_OBJECT_CONVERSION = YES_AGGRESSIVE;
				CLANG_CXX_LANGUAGE_STANDARD = "gnu++20";
				CLANG_ENABLE_MODULES = YES;
				CLANG_ENABLE_OBJC_ARC = YES;
				CLANG_ENABLE_OBJC_WEAK = YES;
				CLANG_WARN_BLOCK_CAPTURE_AUTORELEASING = YES;
				CLANG_WARN_BOOL_CONVERSION = YES;
				CLANG_WARN_COMMA = YES;
				CLANG_WARN_CONSTANT_CONVERSION = YES;
				CLANG_WARN_DEPRECATED_OBJC_IMPLEMENTATIONS = YES;
				CLANG_WARN_DIRECT_OBJC_ISA_USAGE = YES_ERROR;
				CLANG_WARN_DOCUMENTATION_COMMENTS = YES;
				CLANG_WARN_EMPTY_BODY = YES;
				CLANG_WARN_ENUM_CONVERSION = YES;
				CLANG_WARN_INFINITE_RECURSION = YES;
				CLANG_WARN_INT_CONVERSION = YES;
				CLANG_WARN_NON_LITERAL_NULL_CONVERSION = YES;
				CLANG_WARN_OBJC_IMPLICIT_RETAIN_SELF = YES;
				CLANG_WARN_OBJC_LITERAL_CONVERSION = YES;
				CLANG_WARN_OBJC_ROOT_CLASS = YES_ERROR;
				CLANG_WARN_QUOTED_INCLUDE_IN_FRAMEWORK_HEADER = YES;
				CLANG_WARN_RANGE_LOOP_ANALYSIS = YES;
				CLANG_WARN_STRICT_PROTOTYPES = YES;
				CLANG_WARN_SUSPICIOUS_MOVE = YES;
				CLANG_WARN_UNGUARDED_AVAILABILITY = YES_AGGRESSIVE;
				CLANG_WARN_UNREACHABLE_CODE = YES;
				CLANG_WARN__DUPLICATE_METHOD_MATCH = YES;
				COPY_PHASE_STRIP = NO;
				DEBUG_INFORMATION_FORMAT = "dwarf-with-dsym";
				ENABLE_NS_ASSERTIONS = NO;
				ENABLE_STRICT_OBJC_MSGSEND = YES;
				ENABLE_USER_SCRIPT_SANDBOXING = YES;
				GCC_C_LANGUAGE_STANDARD = gnu11;
				GCC_NO_COMMON_BLOCKS = YES;
				GCC_WARN_64_TO_32_BIT_CONVERSION = YES;
				GCC_WARN_ABOUT_RETURN_TYPE = YES_ERROR;
				GCC_WARN_UNDECLARED_SELECTOR = YES;
				GCC_WARN_UNINITIALIZED_AUTOS = YES_AGGRESSIVE;
				GCC_WARN_UNUSED_FUNCTION = YES;
				GCC_WARN_UNUSED_VARIABLE = YES;
				IPHONEOS_DEPLOYMENT_TARGET = 15.0;
				MTL_ENABLE_DEBUG_INFO = NO;
				MTL_FAST_MATH = YES;
				SDKROOT = iphoneos;
				SWIFT_COMPILATION_MODE = wholemodule;
				SWIFT_OPTIMIZATION_LEVEL = "-O";
				VALIDATE_PRODUCT = YES;
			};
			name = Release;
		};
		5E34519B2AB42F34004A3047 /* Debug */ = {
			isa = XCBuildConfiguration;
			buildSettings = {
				ASSETCATALOG_COMPILER_APPICON_NAME = AppIcon;
				ASSETCATALOG_COMPILER_GENERATE_SWIFT_ASSET_SYMBOL_EXTENSIONS = YES;
				ASSETCATALOG_COMPILER_GLOBAL_ACCENT_COLOR_NAME = AccentColor;
				CODE_SIGN_STYLE = Automatic;
				CURRENT_PROJECT_VERSION = 1;
				DEVELOPMENT_TEAM = C3U3CZ666D;
				GENERATE_INFOPLIST_FILE = YES;
				INFOPLIST_FILE = "ARTX-PoliceScience/Info.plist";
				INFOPLIST_KEY_UIApplicationSupportsIndirectInputEvents = YES;
				INFOPLIST_KEY_UILaunchStoryboardName = LaunchScreen;
				INFOPLIST_KEY_UISupportedInterfaceOrientations_iPad = "UIInterfaceOrientationPortrait UIInterfaceOrientationPortraitUpsideDown UIInterfaceOrientationLandscapeLeft UIInterfaceOrientationLandscapeRight";
				INFOPLIST_KEY_UISupportedInterfaceOrientations_iPhone = "UIInterfaceOrientationPortrait UIInterfaceOrientationLandscapeLeft UIInterfaceOrientationLandscapeRight";
				LD_RUNPATH_SEARCH_PATHS = (
					"$(inherited)",
					"@executable_path/Frameworks",
				);
				MARKETING_VERSION = 1.0;
				PRODUCT_BUNDLE_IDENTIFIER = "com.sangyong.ARTX-PoliceScience";
				PRODUCT_NAME = "$(TARGET_NAME)";
				SWIFT_EMIT_LOC_STRINGS = YES;
				SWIFT_VERSION = 5.0;
				TARGETED_DEVICE_FAMILY = "1,2";
			};
			name = Debug;
		};
		5E34519C2AB42F34004A3047 /* Release */ = {
			isa = XCBuildConfiguration;
			buildSettings = {
				ASSETCATALOG_COMPILER_APPICON_NAME = AppIcon;
				ASSETCATALOG_COMPILER_GENERATE_SWIFT_ASSET_SYMBOL_EXTENSIONS = YES;
				ASSETCATALOG_COMPILER_GLOBAL_ACCENT_COLOR_NAME = AccentColor;
				CODE_SIGN_STYLE = Automatic;
				CURRENT_PROJECT_VERSION = 1;
				DEVELOPMENT_TEAM = C3U3CZ666D;
				GENERATE_INFOPLIST_FILE = YES;
				INFOPLIST_FILE = "ARTX-PoliceScience/Info.plist";
				INFOPLIST_KEY_UIApplicationSupportsIndirectInputEvents = YES;
				INFOPLIST_KEY_UILaunchStoryboardName = LaunchScreen;
				INFOPLIST_KEY_UISupportedInterfaceOrientations_iPad = "UIInterfaceOrientationPortrait UIInterfaceOrientationPortraitUpsideDown UIInterfaceOrientationLandscapeLeft UIInterfaceOrientationLandscapeRight";
				INFOPLIST_KEY_UISupportedInterfaceOrientations_iPhone = "UIInterfaceOrientationPortrait UIInterfaceOrientationLandscapeLeft UIInterfaceOrientationLandscapeRight";
				LD_RUNPATH_SEARCH_PATHS = (
					"$(inherited)",
					"@executable_path/Frameworks",
				);
				MARKETING_VERSION = 1.0;
				PRODUCT_BUNDLE_IDENTIFIER = "com.sangyong.ARTX-PoliceScience";
				PRODUCT_NAME = "$(TARGET_NAME)";
				SWIFT_EMIT_LOC_STRINGS = YES;
				SWIFT_VERSION = 5.0;
				TARGETED_DEVICE_FAMILY = "1,2";
			};
			name = Release;
		};
/* End XCBuildConfiguration section */

/* Begin XCConfigurationList section */
		5E3451812AB42F33004A3047 /* Build configuration list for PBXProject "ARTX-PoliceScience" */ = {
			isa = XCConfigurationList;
			buildConfigurations = (
				5E3451982AB42F34004A3047 /* Debug */,
				5E3451992AB42F34004A3047 /* Release */,
			);
			defaultConfigurationIsVisible = 0;
			defaultConfigurationName = Release;
		};
		5E34519A2AB42F34004A3047 /* Build configuration list for PBXNativeTarget "ARTX-PoliceScience" */ = {
			isa = XCConfigurationList;
			buildConfigurations = (
				5E34519B2AB42F34004A3047 /* Debug */,
				5E34519C2AB42F34004A3047 /* Release */,
			);
			defaultConfigurationIsVisible = 0;
			defaultConfigurationName = Release;
		};
/* End XCConfigurationList section */

/* Begin XCRemoteSwiftPackageReference section */
		5E86FBC72ACD07AE00B01779 /* XCRemoteSwiftPackageReference "firebase-ios-sdk" */ = {
			isa = XCRemoteSwiftPackageReference;
			repositoryURL = "https://github.com/firebase/firebase-ios-sdk";
			requirement = {
				kind = upToNextMajorVersion;
				minimumVersion = 10.16.0;
			};
		};
/* End XCRemoteSwiftPackageReference section */

/* Begin XCSwiftPackageProductDependency section */
		5E86FBC82ACD07AE00B01779 /* FirebaseAnalytics */ = {
			isa = XCSwiftPackageProductDependency;
			package = 5E86FBC72ACD07AE00B01779 /* XCRemoteSwiftPackageReference "firebase-ios-sdk" */;
			productName = FirebaseAnalytics;
		};
		5E86FBCA2ACD07AE00B01779 /* FirebaseAnalyticsOnDeviceConversion */ = {
			isa = XCSwiftPackageProductDependency;
			package = 5E86FBC72ACD07AE00B01779 /* XCRemoteSwiftPackageReference "firebase-ios-sdk" */;
			productName = FirebaseAnalyticsOnDeviceConversion;
		};
		5E86FBCC2ACD07AE00B01779 /* FirebaseAnalyticsSwift */ = {
			isa = XCSwiftPackageProductDependency;
			package = 5E86FBC72ACD07AE00B01779 /* XCRemoteSwiftPackageReference "firebase-ios-sdk" */;
			productName = FirebaseAnalyticsSwift;
		};
		5E86FBCE2ACD07AE00B01779 /* FirebaseAnalyticsWithoutAdIdSupport */ = {
			isa = XCSwiftPackageProductDependency;
			package = 5E86FBC72ACD07AE00B01779 /* XCRemoteSwiftPackageReference "firebase-ios-sdk" */;
			productName = FirebaseAnalyticsWithoutAdIdSupport;
		};
		5E86FBD02ACD07AE00B01779 /* FirebaseAppCheck */ = {
			isa = XCSwiftPackageProductDependency;
			package = 5E86FBC72ACD07AE00B01779 /* XCRemoteSwiftPackageReference "firebase-ios-sdk" */;
			productName = FirebaseAppCheck;
		};
		5E86FBD22ACD07AE00B01779 /* FirebaseAppDistribution-Beta */ = {
			isa = XCSwiftPackageProductDependency;
			package = 5E86FBC72ACD07AE00B01779 /* XCRemoteSwiftPackageReference "firebase-ios-sdk" */;
			productName = "FirebaseAppDistribution-Beta";
		};
		5E86FBD42ACD07AE00B01779 /* FirebaseAuth */ = {
			isa = XCSwiftPackageProductDependency;
			package = 5E86FBC72ACD07AE00B01779 /* XCRemoteSwiftPackageReference "firebase-ios-sdk" */;
			productName = FirebaseAuth;
		};
		5E86FBD62ACD07AE00B01779 /* FirebaseAuthCombine-Community */ = {
			isa = XCSwiftPackageProductDependency;
			package = 5E86FBC72ACD07AE00B01779 /* XCRemoteSwiftPackageReference "firebase-ios-sdk" */;
			productName = "FirebaseAuthCombine-Community";
		};
		5E86FBD82ACD07AE00B01779 /* FirebaseCrashlytics */ = {
			isa = XCSwiftPackageProductDependency;
			package = 5E86FBC72ACD07AE00B01779 /* XCRemoteSwiftPackageReference "firebase-ios-sdk" */;
			productName = FirebaseCrashlytics;
		};
		5E86FBDA2ACD07AE00B01779 /* FirebaseDatabase */ = {
			isa = XCSwiftPackageProductDependency;
			package = 5E86FBC72ACD07AE00B01779 /* XCRemoteSwiftPackageReference "firebase-ios-sdk" */;
			productName = FirebaseDatabase;
		};
		5E86FBDC2ACD07AE00B01779 /* FirebaseDatabaseSwift */ = {
			isa = XCSwiftPackageProductDependency;
			package = 5E86FBC72ACD07AE00B01779 /* XCRemoteSwiftPackageReference "firebase-ios-sdk" */;
			productName = FirebaseDatabaseSwift;
		};
		5E86FBDE2ACD07AE00B01779 /* FirebaseDynamicLinks */ = {
			isa = XCSwiftPackageProductDependency;
			package = 5E86FBC72ACD07AE00B01779 /* XCRemoteSwiftPackageReference "firebase-ios-sdk" */;
			productName = FirebaseDynamicLinks;
		};
		5E86FBE02ACD07AE00B01779 /* FirebaseFirestore */ = {
			isa = XCSwiftPackageProductDependency;
			package = 5E86FBC72ACD07AE00B01779 /* XCRemoteSwiftPackageReference "firebase-ios-sdk" */;
			productName = FirebaseFirestore;
		};
		5E86FBE22ACD07AE00B01779 /* FirebaseFirestoreCombine-Community */ = {
			isa = XCSwiftPackageProductDependency;
			package = 5E86FBC72ACD07AE00B01779 /* XCRemoteSwiftPackageReference "firebase-ios-sdk" */;
			productName = "FirebaseFirestoreCombine-Community";
		};
		5E86FBE42ACD07AE00B01779 /* FirebaseFirestoreSwift */ = {
			isa = XCSwiftPackageProductDependency;
			package = 5E86FBC72ACD07AE00B01779 /* XCRemoteSwiftPackageReference "firebase-ios-sdk" */;
			productName = FirebaseFirestoreSwift;
		};
		5E86FBE62ACD07AE00B01779 /* FirebaseFunctions */ = {
			isa = XCSwiftPackageProductDependency;
			package = 5E86FBC72ACD07AE00B01779 /* XCRemoteSwiftPackageReference "firebase-ios-sdk" */;
			productName = FirebaseFunctions;
		};
		5E86FBE82ACD07AE00B01779 /* FirebaseFunctionsCombine-Community */ = {
			isa = XCSwiftPackageProductDependency;
			package = 5E86FBC72ACD07AE00B01779 /* XCRemoteSwiftPackageReference "firebase-ios-sdk" */;
			productName = "FirebaseFunctionsCombine-Community";
		};
		5E86FBEA2ACD07AE00B01779 /* FirebaseInAppMessaging-Beta */ = {
			isa = XCSwiftPackageProductDependency;
			package = 5E86FBC72ACD07AE00B01779 /* XCRemoteSwiftPackageReference "firebase-ios-sdk" */;
			productName = "FirebaseInAppMessaging-Beta";
		};
		5E86FBEC2ACD07AE00B01779 /* FirebaseInAppMessagingSwift-Beta */ = {
			isa = XCSwiftPackageProductDependency;
			package = 5E86FBC72ACD07AE00B01779 /* XCRemoteSwiftPackageReference "firebase-ios-sdk" */;
			productName = "FirebaseInAppMessagingSwift-Beta";
		};
		5E86FBEE2ACD07AE00B01779 /* FirebaseInstallations */ = {
			isa = XCSwiftPackageProductDependency;
			package = 5E86FBC72ACD07AE00B01779 /* XCRemoteSwiftPackageReference "firebase-ios-sdk" */;
			productName = FirebaseInstallations;
		};
		5E86FBF02ACD07AE00B01779 /* FirebaseMLModelDownloader */ = {
			isa = XCSwiftPackageProductDependency;
			package = 5E86FBC72ACD07AE00B01779 /* XCRemoteSwiftPackageReference "firebase-ios-sdk" */;
			productName = FirebaseMLModelDownloader;
		};
		5E86FBF22ACD07AE00B01779 /* FirebaseMessaging */ = {
			isa = XCSwiftPackageProductDependency;
			package = 5E86FBC72ACD07AE00B01779 /* XCRemoteSwiftPackageReference "firebase-ios-sdk" */;
			productName = FirebaseMessaging;
		};
		5E86FBF42ACD07AE00B01779 /* FirebasePerformance */ = {
			isa = XCSwiftPackageProductDependency;
			package = 5E86FBC72ACD07AE00B01779 /* XCRemoteSwiftPackageReference "firebase-ios-sdk" */;
			productName = FirebasePerformance;
		};
		5E86FBF62ACD07AE00B01779 /* FirebaseRemoteConfig */ = {
			isa = XCSwiftPackageProductDependency;
			package = 5E86FBC72ACD07AE00B01779 /* XCRemoteSwiftPackageReference "firebase-ios-sdk" */;
			productName = FirebaseRemoteConfig;
		};
		5E86FBF82ACD07AE00B01779 /* FirebaseRemoteConfigSwift */ = {
			isa = XCSwiftPackageProductDependency;
			package = 5E86FBC72ACD07AE00B01779 /* XCRemoteSwiftPackageReference "firebase-ios-sdk" */;
			productName = FirebaseRemoteConfigSwift;
		};
		5E86FBFA2ACD07AE00B01779 /* FirebaseStorage */ = {
			isa = XCSwiftPackageProductDependency;
			package = 5E86FBC72ACD07AE00B01779 /* XCRemoteSwiftPackageReference "firebase-ios-sdk" */;
			productName = FirebaseStorage;
		};
		5E86FBFC2ACD07AE00B01779 /* FirebaseStorageCombine-Community */ = {
			isa = XCSwiftPackageProductDependency;
			package = 5E86FBC72ACD07AE00B01779 /* XCRemoteSwiftPackageReference "firebase-ios-sdk" */;
			productName = "FirebaseStorageCombine-Community";
		};
/* End XCSwiftPackageProductDependency section */
	};
	rootObject = 5E34517E2AB42F33004A3047 /* Project object */;
}
